# This file is autogenerated, do not edit; changes may be undone by the next 'dep ensure'.


[[projects]]
  branch = "master"
  digest = "1:81f8c061c3d18ed1710957910542bc17d2b789c6cd19e0f654c30b35fd255ca5"
  name = "github.com/Azure/go-ansiterm"
  packages = [
    ".",
    "winterm",
  ]
  pruneopts = "NUT"
  revision = "d6e3b3328b783f23731bc4d058875b0371ff8109"

[[projects]]
  digest = "1:2be791e7b333ff7c06f8fb3dc18a7d70580e9399dbdffd352621d067ff260b6e"
  name = "github.com/Microsoft/go-winio"
  packages = ["."]
  pruneopts = "NUT"
  revision = "97e4973ce50b2ff5f09635a57e2b88a037aae829"
  version = "v0.4.11"

[[projects]]
  digest = "1:b2339e83ce9b5c4f79405f949429a7f68a9a904fed903c672aac1e7ceb7f5f02"
  name = "github.com/Sirupsen/logrus"
  packages = ["."]
  pruneopts = "NUT"
  revision = "3e01752db0189b9157070a0e1668a620f9a85da2"
  version = "v1.0.6"

[[projects]]
  branch = "master"
  digest = "1:b0547d91a4e6b4ae30c0f10270767cc8615ffc8274ce6ff7193a27dce1fca97c"
  name = "github.com/bbklab/paybot"
  packages = [
    "pkg/axel",
    "pkg/balancer",
    "pkg/rate",
  ]
  pruneopts = "NUT"
  revision = "b0106a3cd6577560b470b8c1b74adb0fb63accc3"

[[projects]]
  digest = "1:06acaf3ae1057dbeca15a2a9c2ec0d2edc26d39c41ecf457ea55e559e34dce9b"
  name = "github.com/cloudfoundry/gosigar"
  packages = [
    ".",
    "sys/windows",
  ]
  pruneopts = "NUT"
  revision = "dcb1afc219e4c99f21c37fb1ec22ed9ffe443317"
  version = "v1.1.0"

[[projects]]
  digest = "1:0439f31940aa8ff82be1bf65e6facf1572a59987ff455c24f14c2191e431083e"
  name = "github.com/docker/docker"
  packages = [
    "pkg/archive",
    "pkg/fileutils",
    "pkg/idtools",
    "pkg/ioutils",
    "pkg/longpath",
    "pkg/parsers/kernel",
    "pkg/parsers/operatingsystem",
    "pkg/pools",
    "pkg/promise",
    "pkg/system",
    "pkg/term",
    "pkg/term/windows",
  ]
  pruneopts = "NUT"
  revision = "092cba3727bb9b4a2f0e922cd6c0f93ea270e363"
  version = "v1.13.1"

[[projects]]
  digest = "1:4340101f42556a9cb2f7a360a0e95a019bfef6247d92e6c4c46f2433cf86a482"
  name = "github.com/docker/go-units"
  packages = ["."]
  pruneopts = "NUT"
  revision = "47565b4f722fb6ceae66b95f853feed578a4a51c"
  version = "v0.3.3"

[[projects]]
  branch = "master"
  digest = "1:01dac4723f3e495a488dc3e43e194bc7d8553ebcef62a197a782353c6528d1f2"
  name = "github.com/felixge/tcpkeepalive"
  packages = ["."]
  pruneopts = "NUT"
  revision = "5bb0b2dea91e0de550022159b9571aafc72c08ba"

[[projects]]
  digest = "1:c9a236ae20428cdd7523bc3d17f5cb2c3656fdcc14691f6cb47e37d7f1e73eca"
  name = "github.com/go-telegram-bot-api/telegram-bot-api"
  packages = ["."]
  pruneopts = "NUT"
  revision = "9860bdfd3a171ceafb6e1eafa163482a6ef92643"
  version = "v4.6.4"

[[projects]]
  branch = "master"
  digest = "1:c54b2df9eb45e238bca9d7f0e1a4acc90a2e6284e8d31c0df3ec72886ec53406"
  name = "github.com/google/shlex"
  packages = ["."]
  pruneopts = "NUT"
  revision = "c34317bd91bf98fab745d77b03933cf8769299fe"

[[projects]]
  branch = "master"
  digest = "1:46223f4c05549a4f57fe78cbe3348d905f0d91ae7ab8fa4ac1751281dfa52aac"
  name = "github.com/googollee/go-engine.io"
  packages = [
    ".",
    "message",
    "parser",
    "polling",
    "transport",
    "websocket",
  ]
  pruneopts = "NUT"
  revision = "3c3145340e676971209507021a435520c2700d92"

[[projects]]
  branch = "master"
  digest = "1:e09bfb5fa9e20168f093d029399d775e96eda0e75b373a8bbdb163d8af27fbe0"
  name = "github.com/googollee/go-socket.io"
  packages = ["."]
  pruneopts = "NUT"
  revision = "f12da5711bc66c18a0724987fff7f4f3db35c70f"

[[projects]]
  digest = "1:0faa8131e5822f3420f82426667a29c5c425c3cb7e0fcf0c5d1c718d6e6ba19b"
  name = "github.com/gorilla/securecookie"
  packages = ["."]
  pruneopts = "NUT"
  revision = "e59506cc896acb7f7bf732d4fdf5e25f7ccd8983"
  version = "v1.1.1"

[[projects]]
  digest = "1:3b708ebf63bfa9ba3313bedb8526bc0bb284e51474e65e958481476a9d4a12aa"
  name = "github.com/gorilla/websocket"
  packages = ["."]
  pruneopts = "NUT"
  revision = "ea4d1f681babbce9545c9c5f3d5194a789c89f5b"
  version = "v1.2.0"

[[projects]]
  digest = "1:7b21c7fc5551b46d1308b4ffa9e9e49b66c7a8b0ba88c0130474b0e7a20d859f"
  name = "github.com/kr/pretty"
  packages = ["."]
  pruneopts = "NUT"
  revision = "73f6ac0b30a98e433b289500d779f50c1a6f0712"
  version = "v0.1.0"

[[projects]]
  digest = "1:bc691028377c246d0c85e723d0ea726f899b2b53d5bc72542b74fe9054d447f2"
  name = "github.com/kr/pty"
  packages = ["."]
  pruneopts = "NUT"
  revision = "fa756f09eeb418bf1cc6268c66ceaad9bb98f598"
  version = "v1.1.2"

[[projects]]
  digest = "1:c3a7836b5904db0f8b609595b619916a6831cb35b8b714aec39f96d00c6155d8"
  name = "github.com/kr/text"
  packages = ["."]
  pruneopts = "NUT"
  revision = "e2ffdb16a802fe2bb95e2e35ff34f0e53aeef34f"
  version = "v0.1.0"

[[projects]]
  digest = "1:d0164259ed17929689df11205194d80288e8ae25351778f7a3421a24774c36f8"
  name = "github.com/mattn/go-shellwords"
  packages = ["."]
  pruneopts = "NUT"
  revision = "02e3cf038dcea8290e44424da473dd12be796a8a"
  version = "v1.0.3"

[[projects]]
  digest = "1:ea8780346eba74e5eb3e8b6bded2ec46c1c81cd745bc00e9964b730955bf4252"
  name = "github.com/opencontainers/runc"
  packages = [
    "libcontainer/system",
    "libcontainer/user",
  ]
  pruneopts = "NUT"
  revision = "baf6536d6259209c3edfa2b22237af82942d3dfa"
  version = "v0.1.1"

[[projects]]
  digest = "1:b07ac3d21c03b19da0bec9c83d5e9625d3d4c7d62df62d5c23e9b4f172d173ab"
  name = "github.com/oschwald/geoip2-golang"
  packages = ["."]
  pruneopts = "NUT"
  revision = "7118115686e16b77967cdbf55d1b944fe14ad312"
  version = "v1.2.1"

[[projects]]
  digest = "1:c503e149d838cd0852612a6211eb72225ae4888e0a23a26262512eef42370a82"
  name = "github.com/oschwald/maxminddb-golang"
  packages = ["."]
  pruneopts = "NUT"
  revision = "c5bec84d1963260297932a1b7a1753c8420717a7"
  version = "v1.3.0"

[[projects]]
  digest = "1:5cf3f025cbee5951a4ee961de067c8a89fc95a5adabead774f82822efabab121"
  name = "github.com/pkg/errors"
  packages = ["."]
  pruneopts = "NUT"
  revision = "645ef00459ed84a119197bfb8d8205042c6df63d"
  version = "v0.8.0"

[[projects]]
  digest = "1:53c3320ee307f01fd24a88e396a8d2239cd8346d1a085320209319f2d33f59cc"
  name = "github.com/robfig/cron"
  packages = ["."]
  pruneopts = "NUT"
  revision = "b41be1df696709bb6395fe435af20370037c0b4c"
  version = "v1.1"

[[projects]]
  branch = "master"
  digest = "1:d84fb712f1b90170c122e80599e274397cda404d55e833b03e58709e4057f5d3"
  name = "github.com/skip2/go-qrcode"
  packages = [
    ".",
    "bitset",
    "reedsolomon",
  ]
  pruneopts = "NUT"
  revision = "dc11ecdae0a9889dc81a343585516404e8dc6ead"

[[projects]]
  digest = "1:c6d6892ef3af2632f7892ed12239190002925e009afca91b0336c2f372e64610"
  name = "github.com/technoweenie/multipartstreamer"
  packages = ["."]
  pruneopts = "NUT"
  revision = "a90a01d73ae432e2611d178c18367fbaa13e0154"
  version = "v1.0.1"

[[projects]]
  digest = "1:5dba68a1600a235630e208cb7196b24e58fcbb77bb7a6bec08fcd23f081b0a58"
  name = "github.com/urfave/cli"
  packages = ["."]
  pruneopts = "NUT"
  revision = "cfb38830724cc34fedffe9a2a29fb54fa9169cd1"
  version = "v1.20.0"

[[projects]]
  branch = "master"
  digest = "1:71661d9058f43203fb54f292ce5545fe84698b394c0938bca79809e02772be1f"
  name = "github.com/varstr/uaparser"
  packages = ["."]
  pruneopts = "NUT"
  revision = "6aabb7c4e98cc69fcbdebe9b5795ca74249996e7"

[[projects]]
  branch = "master"
  digest = "1:d820c676522ad9e0da8aa7d5559fa1b785f529b949873702e7c3a317629d604c"
  name = "github.com/zach-klippenstein/goadb"
  packages = [
    ".",
    "internal/errors",
    "wire",
  ]
  pruneopts = "NUT"
  revision = "029cc6bee4812bf83c5d5fa58c49a82ff000d02c"

[[projects]]
  branch = "master"
  digest = "1:fe8e821ca915f730dbf466289ab85b5eb765daa2d49f49610a7f04a8f4b9699d"
  name = "golang.org/x/crypto"
  packages = [
    "bcrypt",
    "blowfish",
    "curve25519",
    "ed25519",
    "ed25519/internal/edwards25519",
    "internal/chacha20",
    "internal/subtle",
    "poly1305",
    "ssh",
    "ssh/terminal",
  ]
  pruneopts = "NUT"
  revision = "c126467f60eb25f8f27e5a981f32a87e3965053f"

[[projects]]
  branch = "master"
  digest = "1:76ee51c3f468493aff39dbacc401e8831fbb765104cbf613b89bef01cf4bad70"
  name = "golang.org/x/net"
  packages = ["context"]
  pruneopts = "NUT"
  revision = "f4c29de78a2a91c00474a2e689954305c350adf9"

[[projects]]
  branch = "master"
  digest = "1:0710435fba1b90375bbb61cf59572961c72167775854a2162e0859210a381d06"
  name = "golang.org/x/sys"
  packages = [
    "unix",
    "windows",
  ]
  pruneopts = "NUT"
  revision = "3dc4335d56c789b04b0ba99b7a37249d9b614314"

[[projects]]
  digest = "1:f1430ef6bab00bec97178758b68ef7db8a88921522601f6dcfe9fc549ce75205"
  name = "golang.org/x/text"
  packages = [
    "encoding",
    "encoding/internal",
    "encoding/internal/identifier",
    "encoding/simplifiedchinese",
    "feature/plural",
    "internal",
    "internal/catmsg",
    "internal/format",
    "internal/gen",
    "internal/number",
    "internal/stringset",
    "internal/tag",
    "language",
    "message",
    "message/catalog",
    "transform",
    "unicode/cldr",
  ]
  pruneopts = "NUT"
  revision = "f21a4dfb5e38f5895301dc265a8def02365cc3d0"
  version = "v0.3.0"

[[projects]]
  branch = "v1"
  digest = "1:1ac47b19a2ad8287a4c6e91630355d63646c480c32f2bbee757a850dabe90bc8"
  name = "gopkg.in/check.v1"
  packages = ["."]
  pruneopts = "NUT"
  revision = "788fd78401277ebd861206a03c884797c6ec5541"

[[projects]]
  branch = "v2"
  digest = "1:c6220fcc6b59915f2e4f084eef3dfd1b14f21d8f3e25c00de066abd5a931550c"
  name = "gopkg.in/mgo.v2"
  packages = [
    ".",
    "bson",
    "internal/json",
    "internal/sasl",
    "internal/scram",
  ]
  pruneopts = "NUT"
  revision = "9856a29383ce1c59f308dd1cf0363a79b5bef6b5"

[[projects]]
  digest = "1:80c34337e8a734e190f2d1b716cae774cca74db98315166f92074434e9af0227"
  name = "gopkg.in/natefinch/lumberjack.v2"
  packages = ["."]
  pruneopts = "NUT"
  revision = "a96e63847dc3c67d17befa69c303767e2f84e54f"
  version = "v2.1"

[solve-meta]
  analyzer-name = "dep"
  analyzer-version = 1
  input-imports = [
    "github.com/Sirupsen/logrus",
    "github.com/bbklab/paybot/pkg/axel",
    "github.com/bbklab/paybot/pkg/balancer",
    "github.com/bbklab/paybot/pkg/rate",
    "github.com/cloudfoundry/gosigar",
    "github.com/docker/docker/pkg/archive",
    "github.com/docker/docker/pkg/parsers/kernel",
    "github.com/docker/docker/pkg/parsers/operatingsystem",
    "github.com/docker/docker/pkg/term",
    "github.com/docker/go-units",
    "github.com/felixge/tcpkeepalive",
    "github.com/go-telegram-bot-api/telegram-bot-api",
    "github.com/google/shlex",
    "github.com/googollee/go-socket.io",
    "github.com/gorilla/securecookie",
    "github.com/gorilla/websocket",
    "github.com/kr/pty",
    "github.com/oschwald/geoip2-golang",
    "github.com/oschwald/maxminddb-golang",
    "github.com/robfig/cron",
    "github.com/skip2/go-qrcode",
    "github.com/urfave/cli",
    "github.com/varstr/uaparser",
    "github.com/zach-klippenstein/goadb",
    "golang.org/x/crypto/bcrypt",
    "golang.org/x/crypto/ssh",
    "golang.org/x/text/encoding/simplifiedchinese",
    "golang.org/x/text/language",
    "golang.org/x/text/message",
    "golang.org/x/text/message/catalog",
    "golang.org/x/text/transform",
    "gopkg.in/check.v1",
    "gopkg.in/mgo.v2",
    "gopkg.in/mgo.v2/bson",
    "gopkg.in/natefinch/lumberjack.v2",
  ]
  solver-name = "gps-cdcl"
  solver-version = 1
